github.com/davecgh/go-spew v1.1.1 h1:vj9j/u1bqnvCEfJOwUhtlOARqs3+rkHYY13jYWTU97c=
github.com/davecgh/go-spew v1.1.1/go.mod h1:J7Y8YcW2NihsgmVo/mv3lAwl/skON4iLHjSsI+c5H38=
github.com/gofrs/uuid/v5 v5.3.2 h1:2jfO8j3XgSwlz/wHqemAEugfnTlikAYHhnqQ8Xh4fE0=
github.com/gofrs/uuid/v5 v5.3.2/go.mod h1:CDOjlDMVAtN56jqyRUZh58JT31Tiw7/oQyEXZV+9bD8=
github.com/inselfcontroll/convex-go v0.0.0-20260224235520-ced3bd4b8129 h1:VHA6P2oRFETIngFMQuElz4r35doFLHnAt48IwgeF9Mk=
github.com/inselfcontroll/convex-go v0.0.0-20260224235520-ced3bd4b8129/go.mod h1:9/HQGygiyvVgbRkH9IXne8HGQcLic/BeyQ8i+m171nc=
github.com/klauspost/compress v1.18.0 h1:c/Cqfb0r+Yi+JtIEq73FWXVkRonBlf0CRNYc8Zttxdo=
github.com/klauspost/compress v1.18.0/go.mod h1:2Pp+KzxcywXVXMr50+X0Q/Lsb43OQHYWRCY2AiWywWQ=
github.com/nats-io/nats.go v1.48.0 h1:pSFyXApG+yWU/TgbKCjmm5K4wrHu86231/w84qRVR+U=
github.com/nats-io/nats.go v1.48.0/go.mod h1:iRWIPokVIFbVijxuMQq4y9ttaBTMe0SFdlZfMDd+33g=
github.com/nats-io/nkeys v0.4.11 h1:q44qGV008kYd9W1b1nEBkNzvnWxtRSQ7A8BoqRrcfa0=
github.com/nats-io/nkeys v0.4.11/go.mod h1:szDimtgmfOi9n25JpfIdGw12tZFYXqhGxjhVxsatHVE=
github.com/nats-io/nuid v1.0.1 h1:5iA8DT8V7q8WK2EScv2padNa/rTESc1KdnPw4TC2paw=
github.com/nats-io/nuid v1.0.1/go.mod h1:19wcPz3Ph3q0Jbyiqsd0kePYG7A95tJPxeL+1OSON2c=
github.com/pmezard/go-difflib v1.0.0 h1:4DBwDE0NGyQoBHbLQYPwSUPoCMWR5BEzIk/f1lZbAQM=
github.com/pmezard/go-difflib v1.0.0/go.mod h1:iKH77koFhYxTK1pcRnkKkqfTogsbg7gZNVY4sRDYZ/4=
github.com/stretchr/testify v1.10.0 h1:Xv5erBjTwe/5IxqUQTdXv5kgmIvbHo3QQyRwhJsOfJA=
github.com/stretchr/testify v1.10.0/go.mod h1:r2ic/lqez/lEtzL7wO/rwa5dbSLXVDPFyf8C91i36aY=
go.jetify.com/sse v0.1.0 h1:zLIT5XFlUVuTl68bHalpFDYbfSfXJPkmAbtmBqIHl2Q=
go.jetify.com/sse v0.1.0/go.mod h1:zFADPn3Z0aZJe3+PbArGMGwe3oTwHxPZIwNILoRCmU8=
go.jetify.com/typeid/v2 v2.0.0-alpha.3 h1:T6RPx6bNl10lp0JN2Xz/XcgLZWSlVmL58Xqy9cgTCcc=
go.jetify.com/typeid/v2 v2.0.0-alpha.3/go.mod h1:zfD1ZDHDJNgXZANsO9jDOD81XRRQ0zAOnDBEHmIV/Gw=
golang.org/x/crypto v0.52.0 h1:RMs7fP2rXdep0CftQlK8Uf+kibLm7qkCcradZWYz988=
golang.org/x/crypto v0.52.0/go.mod h1:1QgfPxDqh0T2M/elOJtp9RvuR95kVjir0e6/BvEmGbc=
golang.org/x/sys v0.45.0 h1:dO4czNzziLiiXplLQgBCEpCvXQ3dnkn0SdaZSYdQ+FY=
golang.org/x/sys v0.45.0/go.mod h1:4GL1E5IUh+htKOUEOaiffhrAeqysfVGipDYzABqnCmw=
gopkg.in/yaml.v2 v2.4.0 h1:D8xgwECY7CYvx+Y2n4sBz93Jn9JRvxdiyyo8CTfuKaY=
gopkg.in/yaml.v2 v2.4.0/go.mod h1:RDklbk79AGWmwhnvt/jBztapEOGDOx6ZbXqjP6csGnQ=
gopkg.in/yaml.v3 v3.0.1 h1:fxVm/GzAzEWqLHuvctI91KS9hhNmmWOoWu0XTYJS7CA=
gopkg.in/yaml.v3 v3.0.1/go.mod h1:K4uyk7z7BCEPqu6E+C64Yfv1cQ7kz7rIZviUmN+EgEM=
